{
  "nodes": {
    "flake-utils": {
      "locked": {
        "lastModified": 1631561581,
        "narHash": "sha256-3VQMV5zvxaVLvqqUrNz3iJelLw30mIVSfZmAaauM3dA=",
        "owner": "numtide",
        "repo": "flake-utils",
        "rev": "7e5bf3925f6fbdfaf50a2a7ca0be2879c4261d19",
        "type": "github"
      },
      "original": {
        "owner": "numtide",
        "repo": "flake-utils",
        "type": "github"
      }
    },
    "nixpkgs": {
      "locked": {
        "lastModified": 1634316176,
        "narHash": "sha256-r6XfgZIXP6PuySqDUOHvnP2B7dmK4L+16vhlpwVlc4I=",
        "owner": "abbradar",
        "repo": "nixpkgs",
        "rev": "c7a8645764787744f0447572cd54f1fea020d6d6",
        "type": "github"
      },
      "original": {
        "owner": "abbradar",
        "ref": "ugractf",
        "repo": "nixpkgs",
        "type": "github"
      }
    },
    "root": {
      "inputs": {
        "flake-utils": "flake-utils",
        "nixpkgs": "nixpkgs"
      }
    }
  },
  "root": "root",
  "version": 7
}
