{
  "nodes": {
    "flake-utils": {
      "locked": {
        "lastModified": 1638122382,
        "narHash": "sha256-sQzZzAbvKEqN9s0bzWuYmRaA03v40gaJ4+iL1LXjaeI=",
        "owner": "numtide",
        "repo": "flake-utils",
        "rev": "74f7e4319258e287b0f9cb95426c9853b282730b",
        "type": "github"
      },
      "original": {
        "owner": "numtide",
        "repo": "flake-utils",
        "type": "github"
      }
    },
    "nixpkgs": {
      "locked": {
        "lastModified": 1639521912,
        "narHash": "sha256-KDWICDN69f/gqSceHqkDcVMesz/AEgw3KaPrc04sSxo=",
        "owner": "abbradar",
        "repo": "nixpkgs",
        "rev": "e3857789d8f754771ad2137e075f45774fb8d534",
        "type": "github"
      },
      "original": {
        "owner": "abbradar",
        "ref": "ugractf",
        "repo": "nixpkgs",
        "type": "github"
      }
    },
    "root": {
      "inputs": {
        "flake-utils": "flake-utils",
        "nixpkgs": "nixpkgs"
      }
    }
  },
  "root": "root",
  "version": 7
}
